{
  "version": "2",
  "remote": {
    "https://deno.land/std@0.164.0/_util/asserts.ts": "d0844e9b62510f89ce1f9878b046f6a57bf88f208a10304aab50efcb48365272",
    "https://deno.land/std@0.164.0/_util/os.ts": "8a33345f74990e627b9dfe2de9b040004b08ea5146c7c9e8fe9a29070d193934",
    "https://deno.land/std@0.164.0/collections/_utils.ts": "fd759867be7a0047a1fa89ec89f7b58ebe3f2f7f089a8f4e416eb30c5d764868",
    "https://deno.land/std@0.164.0/collections/deep_merge.ts": "a4252c99f82fe4051c6dfbe0c8ba839888c4233ab99c556ba519c5290011c281",
    "https://deno.land/std@0.164.0/encoding/_toml/parser.ts": "6de38ea8e4dd5571c994eee5ccb4fb8fa920dd9022623209235020e815dd1f67",
    "https://deno.land/std@0.164.0/encoding/toml.ts": "1ad209ca490428607c1bcdf4be8dd71ecd966d475dc47eb6f5de60c88acc0bba",
    "https://deno.land/std@0.164.0/flags/mod.ts": "3b459daf581e047819b6b799c92b96c81b4eecbd5ea025643d54dc0abc6ac923",
    "https://deno.land/std@0.164.0/fs/_util.ts": "fdc156f897197f261a1c096dcf8ff9267ed0ff42bd5b31f55053a4763a4bae3b",
    "https://deno.land/std@0.164.0/fs/copy.ts": "37ad2d3390a672a34baf7d16a8623238906a1ee9b2c5fffc8efaa97810f4e6a9",
    "https://deno.land/std@0.164.0/fs/empty_dir.ts": "c15a0aaaf40f8c21cca902aa1e01a789ad0c2fd1b7e2eecf4957053c5dbf707f",
    "https://deno.land/std@0.164.0/fs/ensure_dir.ts": "76395fc1c989ca8d2de3aedfa8240eb8f5225cde20f926de957995b063135b80",
    "https://deno.land/std@0.164.0/fs/ensure_file.ts": "b8e32ea63aa21221d0219760ba3f741f682d7f7d68d0d24a3ec067c338568152",
    "https://deno.land/std@0.164.0/fs/ensure_link.ts": "5cc1c04f18487d7d1edf4c5469705f30b61390ffd24ad7db6df85e7209b32bb2",
    "https://deno.land/std@0.164.0/fs/ensure_symlink.ts": "5273557b8c50be69477aa9cb003b54ff2240a336db52a40851c97abce76b96ab",
    "https://deno.land/std@0.164.0/fs/eol.ts": "65b1e27320c3eec6fb653b27e20056ee3d015d3e91db388cfefa41616ebc7cb3",
    "https://deno.land/std@0.164.0/fs/exists.ts": "6a447912e49eb79cc640adacfbf4b0baf8e17ede6d5bed057062ce33c4fa0d68",
    "https://deno.land/std@0.164.0/fs/expand_glob.ts": "d08678afa768881b055bdfb5cebe4f089f8db4513a4d2b0bbe748f5870d77ce3",
    "https://deno.land/std@0.164.0/fs/mod.ts": "354a6f972ef4e00c4dd1f1339a8828ef0764c1c23d3c0010af3fcc025d8655b0",
    "https://deno.land/std@0.164.0/fs/move.ts": "6d7fa9da60dbc7a32dd7fdbc2ff812b745861213c8e92ba96dace0669b0c378c",
    "https://deno.land/std@0.164.0/fs/walk.ts": "0a754cc4696a15bdb175380a4b7deff3eb65be9768cb11d91a4138beee35c2d7",
    "https://deno.land/std@0.164.0/path/_constants.ts": "df1db3ffa6dd6d1252cc9617e5d72165cd2483df90e93833e13580687b6083c3",
    "https://deno.land/std@0.164.0/path/_interface.ts": "ee3b431a336b80cf445441109d089b70d87d5e248f4f90ff906820889ecf8d09",
    "https://deno.land/std@0.164.0/path/_util.ts": "d16be2a16e1204b65f9d0dfc54a9bc472cafe5f4a190b3c8471ec2016ccd1677",
    "https://deno.land/std@0.164.0/path/common.ts": "bee563630abd2d97f99d83c96c2fa0cca7cee103e8cb4e7699ec4d5db7bd2633",
    "https://deno.land/std@0.164.0/path/glob.ts": "cb5255638de1048973c3e69e420c77dc04f75755524cb3b2e160fe9277d939ee",
    "https://deno.land/std@0.164.0/path/mod.ts": "56fec03ad0ebd61b6ab39ddb9b0ddb4c4a5c9f2f4f632e09dd37ec9ebfd722ac",
    "https://deno.land/std@0.164.0/path/posix.ts": "6b63de7097e68c8663c84ccedc0fd977656eb134432d818ecd3a4e122638ac24",
    "https://deno.land/std@0.164.0/path/separator.ts": "fe1816cb765a8068afb3e8f13ad272351c85cbc739af56dacfc7d93d710fe0f9",
    "https://deno.land/std@0.164.0/path/win32.ts": "7cebd2bda6657371adc00061a1d23fdd87bcdf64b4843bb148b0b24c11b40f69",
    "https://deno.land/x/getfiles@v1.0.0/fs.ts": "b387902cfdc4e0ffba125343c68f6f886da5ac906882124a3ed908a3d68da053",
    "https://deno.land/x/getfiles@v1.0.0/mod.ts": "59810c6574a4be76c0115db6477ca07b04206bbfa7a6dcf907c111ae073b4c7e",
    "https://deno.land/x/getfiles@v1.0.0/types.ts": "8f09fb5b57e02dfddd1f375c4b97b88a38068a0ac3b9ac78501dc4d5a0b582f9",
    "https://deno.land/x/getfiles@v1.0.0/utils.ts": "01c4dc7f8057c41a8eefa587726938adb2958c470b58a2676224299e10245118",
    "https://deno.land/x/vegas@v1.3.0/mod.ts": "122b3c826dc6c5de5d95389f397c5ff69fcd7a3dfca75cc010b41017b2245817",
    "https://deno.land/x/vegas@v1.3.0/seedrandom.d.ts": "a57cf3cedabf87b87d8fe36dd2e846dd4bdbb878caf6e3e9c7d4848b73267523",
    "https://esm.sh/lodash@4.17.21": "a64672e67a1162c1f533c13d53a5217c54e1b3978aa395041b57ae3db93e89c7",
    "https://esm.sh/v98/@types/lodash@4.14.189/common/array.d.ts": "fe4a2042d087990ebfc7dc0142d5aaf5a152e4baea86b45f283f103ec1e871ea",
    "https://esm.sh/v98/@types/lodash@4.14.189/common/collection.d.ts": "d70c026dd2eeaa974f430ea229230a1897fdb897dc74659deebe2afd4feeb08f",
    "https://esm.sh/v98/@types/lodash@4.14.189/common/common.d.ts": "675e702f2032766a91eeadee64f51014c64688525da99dccd8178f0c599f13a8",
    "https://esm.sh/v98/@types/lodash@4.14.189/common/date.d.ts": "187119ff4f9553676a884e296089e131e8cc01691c546273b1d0089c3533ce42",
    "https://esm.sh/v98/@types/lodash@4.14.189/common/function.d.ts": "febf0b2de54781102b00f61653b21377390a048fbf5262718c91860d11ff34a6",
    "https://esm.sh/v98/@types/lodash@4.14.189/common/lang.d.ts": "98f9d826db9cd99d27a01a59ee5f22863df00ccf1aaf43e1d7db80ebf716f7c3",
    "https://esm.sh/v98/@types/lodash@4.14.189/common/math.d.ts": "0aaef8cded245bf5036a7a40b65622dd6c4da71f7a35343112edbe112b348a1e",
    "https://esm.sh/v98/@types/lodash@4.14.189/common/number.d.ts": "00baffbe8a2f2e4875367479489b5d43b5fc1429ecb4a4cc98cfc3009095f52a",
    "https://esm.sh/v98/@types/lodash@4.14.189/common/object.d.ts": "dcd91d3b697cb650b95db5471189b99815af5db2a1cd28760f91e0b12ede8ed5",
    "https://esm.sh/v98/@types/lodash@4.14.189/common/seq.d.ts": "3c92b6dfd43cc1c2485d9eba5ff0b74a19bb8725b692773ef1d66dac48cda4bd",
    "https://esm.sh/v98/@types/lodash@4.14.189/common/string.d.ts": "3cf0d343c2276842a5b617f22ba82af6322c7cfe8bb52238ffc0c491a3c21019",
    "https://esm.sh/v98/@types/lodash@4.14.189/common/util.d.ts": "df996e25faa505f85aeb294d15ebe61b399cf1d1e49959cdfaf2cc0815c203f9",
    "https://esm.sh/v98/@types/lodash@4.14.189/index.d.ts": "f2eff8704452659641164876c1ef0df4174659ce7311b0665798ea3f556fa9ad",
    "https://esm.sh/v98/lodash@4.17.21/deno/lodash.js": "ce5f4133a0c27d45ab013618392e8c9534505911cf6dbb2fea7a2872aefabb2c",
    "https://esm.sh/v98/written-numbers@0.1.23/deno/written-numbers.js": "f03d4761136a48da7ba24cad06ebf247dd8779e324f3625e32cdbc12bf8c6bf6",
    "https://esm.sh/v98/written-numbers@0.1.23/dist/index.d.ts": "c9d8be87e071912ca510332581e0802e98ac798332eccc1593101ea0413bf833",
    "https://esm.sh/v98/written-numbers@0.1.23/dist/toOrdinal.d.ts": "e2f6710892caf132aeb21792520db2de616b956dace2e27ebc7b7bd2d205eebd",
    "https://esm.sh/v98/written-numbers@0.1.23/dist/toWords.d.ts": "316a86c457e68aface713c3bdb5dee3e8e80f17fee376b2508739ba72b7ab8ce",
    "https://esm.sh/written-numbers@0.1.23": "6fcecba355e74b70425cb792b4efdfac50338c84c8e207c4d41aab2c2c6d0fd6",
    "https://jspm.dev/npm:seedrandom@3.0.5!cjs": "b726cc1a41e99691c25d6af1711b75353494b59e7d530d8e93c1b40a002ce9a1",
    "https://jspm.dev/npm:seedrandom@3.0.5/lib/alea!cjs": "a5f648ecf27278fa971c3a5c9c97de3451b91f814106b6dfa03d3fdff7ab62f5",
    "https://jspm.dev/npm:seedrandom@3.0.5/lib/xor4096.js!cjs": "e2792a8423247a660ff36e4686d19e338293d7adf3cd23d5eead032f2a204ade",
    "https://jspm.dev/npm:seedrandom@3.0.5/seedrandom!cjs": "90156324b6b69efad145fb802607a81c977e0633089758a388f28d2f72c72d91",
    "https://jspm.dev/seedrandom": "dce9ea596ca9b58319a2a159e24ccfae3d7400dd0b8b4d6aa896db98cc2d6896",
    "https://unpkg.com/discord-snowflake@2.0.0/dist/src/snowflake.js": "cee9dcfb289ff696906024648a7d02394815f7901aa24dd657314a0dda5c7d3d",
    "https://unpkg.com/js-big-decimal@1.3.1/dist/web/js-big-decimal.min.js": "0dc5242b9174aababa96e3ae16b9a579f5719f0e2b1eb7485fa011c83accd4a7"
  },
  "npm": {
    "specifiers": { "lodash": "lodash@4.17.21" },
    "packages": {
      "lodash@4.17.21": {
        "integrity": "sha512-v2kDEe57lecTulaDIuNTPy3Ry4gLGJ6Z1O3vE1krgXZNrsQ+LFTGHVxVjcXPs17LhbZVGedAJv8XZ1tvj5FvSg==",
        "dependencies": {}
      }
    }
  }
}
