{
  "version": "2",
  "remote": {
    "https://deno.land/std@0.164.0/_util/asserts.ts": "d0844e9b62510f89ce1f9878b046f6a57bf88f208a10304aab50efcb48365272",
    "https://deno.land/std@0.164.0/_util/os.ts": "8a33345f74990e627b9dfe2de9b040004b08ea5146c7c9e8fe9a29070d193934",
    "https://deno.land/std@0.164.0/flags/mod.ts": "3b459daf581e047819b6b799c92b96c81b4eecbd5ea025643d54dc0abc6ac923",
    "https://deno.land/std@0.164.0/path/_constants.ts": "df1db3ffa6dd6d1252cc9617e5d72165cd2483df90e93833e13580687b6083c3",
    "https://deno.land/std@0.164.0/path/_interface.ts": "ee3b431a336b80cf445441109d089b70d87d5e248f4f90ff906820889ecf8d09",
    "https://deno.land/std@0.164.0/path/_util.ts": "d16be2a16e1204b65f9d0dfc54a9bc472cafe5f4a190b3c8471ec2016ccd1677",
    "https://deno.land/std@0.164.0/path/common.ts": "bee563630abd2d97f99d83c96c2fa0cca7cee103e8cb4e7699ec4d5db7bd2633",
    "https://deno.land/std@0.164.0/path/glob.ts": "cb5255638de1048973c3e69e420c77dc04f75755524cb3b2e160fe9277d939ee",
    "https://deno.land/std@0.164.0/path/mod.ts": "56fec03ad0ebd61b6ab39ddb9b0ddb4c4a5c9f2f4f632e09dd37ec9ebfd722ac",
    "https://deno.land/std@0.164.0/path/posix.ts": "6b63de7097e68c8663c84ccedc0fd977656eb134432d818ecd3a4e122638ac24",
    "https://deno.land/std@0.164.0/path/separator.ts": "fe1816cb765a8068afb3e8f13ad272351c85cbc739af56dacfc7d93d710fe0f9",
    "https://deno.land/std@0.164.0/path/win32.ts": "7cebd2bda6657371adc00061a1d23fdd87bcdf64b4843bb148b0b24c11b40f69",
    "https://deno.land/x/getfiles@v1.0.0/fs.ts": "b387902cfdc4e0ffba125343c68f6f886da5ac906882124a3ed908a3d68da053",
    "https://deno.land/x/getfiles@v1.0.0/mod.ts": "59810c6574a4be76c0115db6477ca07b04206bbfa7a6dcf907c111ae073b4c7e",
    "https://deno.land/x/getfiles@v1.0.0/types.ts": "8f09fb5b57e02dfddd1f375c4b97b88a38068a0ac3b9ac78501dc4d5a0b582f9",
    "https://deno.land/x/getfiles@v1.0.0/utils.ts": "01c4dc7f8057c41a8eefa587726938adb2958c470b58a2676224299e10245118",
    "https://deno.land/x/vegas@v1.3.0/mod.ts": "122b3c826dc6c5de5d95389f397c5ff69fcd7a3dfca75cc010b41017b2245817",
    "https://deno.land/x/vegas@v1.3.0/seedrandom.d.ts": "a57cf3cedabf87b87d8fe36dd2e846dd4bdbb878caf6e3e9c7d4848b73267523",
    "https://esm.sh/v98/written-numbers@0.1.23/deno/written-numbers.js": "f03d4761136a48da7ba24cad06ebf247dd8779e324f3625e32cdbc12bf8c6bf6",
    "https://esm.sh/v98/written-numbers@0.1.23/dist/index.d.ts": "c9d8be87e071912ca510332581e0802e98ac798332eccc1593101ea0413bf833",
    "https://esm.sh/v98/written-numbers@0.1.23/dist/toOrdinal.d.ts": "e2f6710892caf132aeb21792520db2de616b956dace2e27ebc7b7bd2d205eebd",
    "https://esm.sh/v98/written-numbers@0.1.23/dist/toWords.d.ts": "316a86c457e68aface713c3bdb5dee3e8e80f17fee376b2508739ba72b7ab8ce",
    "https://esm.sh/written-numbers@0.1.23": "6fcecba355e74b70425cb792b4efdfac50338c84c8e207c4d41aab2c2c6d0fd6",
    "https://jspm.dev/npm:seedrandom@3.0.5!cjs": "b726cc1a41e99691c25d6af1711b75353494b59e7d530d8e93c1b40a002ce9a1",
    "https://jspm.dev/npm:seedrandom@3.0.5/lib/alea!cjs": "a5f648ecf27278fa971c3a5c9c97de3451b91f814106b6dfa03d3fdff7ab62f5",
    "https://jspm.dev/npm:seedrandom@3.0.5/lib/xor4096.js!cjs": "e2792a8423247a660ff36e4686d19e338293d7adf3cd23d5eead032f2a204ade",
    "https://jspm.dev/npm:seedrandom@3.0.5/seedrandom!cjs": "90156324b6b69efad145fb802607a81c977e0633089758a388f28d2f72c72d91",
    "https://jspm.dev/seedrandom": "dce9ea596ca9b58319a2a159e24ccfae3d7400dd0b8b4d6aa896db98cc2d6896",
    "https://unpkg.com/discord-snowflake@2.0.0/dist/src/snowflake.js": "cee9dcfb289ff696906024648a7d02394815f7901aa24dd657314a0dda5c7d3d",
    "https://unpkg.com/js-big-decimal@1.3.1/dist/web/js-big-decimal.min.js": "0dc5242b9174aababa96e3ae16b9a579f5719f0e2b1eb7485fa011c83accd4a7"
  }
}
